
Microsoft Visual Studio Solution File, Format Version 12.00
# Visual Studio Version 17
VisualStudioVersion = 17.0.31903.59
MinimumVisualStudioVersion = 10.0.40219.1
Project("{FAE04EC0-301F-11D3-BF4B-00C04F79EFBC}") = "Calculate", "Calculate\Calculate.csproj", "{CAEC8154-F6C3-4449-AD24-BB73E6D3F449}"
EndProject
Project("{FAE04EC0-301F-11D3-BF4B-00C04F79EFBC}") = "ConsoleUtilities", "ConsoleUtilities\ConsoleUtilities.csproj", "{0CCD7825-3AD1-46AA-9913-F17075C2D60D}"
EndProject
Project("{FAE04EC0-301F-11D3-BF4B-00C04F79EFBC}") = "Calculate.Tests", "Calculate.Tests\Calculate.Tests.csproj", "{4D794633-A80A-4E33-ABAE-C65FB586D39D}"
EndProject
Global
	GlobalSection(SolutionConfigurationPlatforms) = preSolution
		Debug|Any CPU = Debug|Any CPU
		Debug|x64 = Debug|x64
		Debug|x86 = Debug|x86
		Release|Any CPU = Release|Any CPU
		Release|x64 = Release|x64
		Release|x86 = Release|x86
	EndGlobalSection
	GlobalSection(ProjectConfigurationPlatforms) = postSolution
		{CAEC8154-F6C3-4449-AD24-BB73E6D3F449}.Debug|Any CPU.ActiveCfg = Debug|Any CPU
		{CAEC8154-F6C3-4449-AD24-BB73E6D3F449}.Debug|Any CPU.Build.0 = Debug|Any CPU
		{CAEC8154-F6C3-4449-AD24-BB73E6D3F449}.Debug|x64.ActiveCfg = Debug|Any CPU
		{CAEC8154-F6C3-4449-AD24-BB73E6D3F449}.Debug|x64.Build.0 = Debug|Any CPU
		{CAEC8154-F6C3-4449-AD24-BB73E6D3F449}.Debug|x86.ActiveCfg = Debug|Any CPU
		{CAEC8154-F6C3-4449-AD24-BB73E6D3F449}.Debug|x86.Build.0 = Debug|Any CPU
		{CAEC8154-F6C3-4449-AD24-BB73E6D3F449}.Release|Any CPU.ActiveCfg = Release|Any CPU
		{CAEC8154-F6C3-4449-AD24-BB73E6D3F449}.Release|Any CPU.Build.0 = Release|Any CPU
		{CAEC8154-F6C3-4449-AD24-BB73E6D3F449}.Release|x64.ActiveCfg = Release|Any CPU
		{CAEC8154-F6C3-4449-AD24-BB73E6D3F449}.Release|x64.Build.0 = Release|Any CPU
		{CAEC8154-F6C3-4449-AD24-BB73E6D3F449}.Release|x86.ActiveCfg = Release|Any CPU
		{CAEC8154-F6C3-4449-AD24-BB73E6D3F449}.Release|x86.Build.0 = Release|Any CPU
		{0CCD7825-3AD1-46AA-9913-F17075C2D60D}.Debug|Any CPU.ActiveCfg = Debug|Any CPU
		{0CCD7825-3AD1-46AA-9913-F17075C2D60D}.Debug|Any CPU.Build.0 = Debug|Any CPU
		{0CCD7825-3AD1-46AA-9913-F17075C2D60D}.Debug|x64.ActiveCfg = Debug|Any CPU
		{0CCD7825-3AD1-46AA-9913-F17075C2D60D}.Debug|x64.Build.0 = Debug|Any CPU
		{0CCD7825-3AD1-46AA-9913-F17075C2D60D}.Debug|x86.ActiveCfg = Debug|Any CPU
		{0CCD7825-3AD1-46AA-9913-F17075C2D60D}.Debug|x86.Build.0 = Debug|Any CPU
		{0CCD7825-3AD1-46AA-9913-F17075C2D60D}.Release|Any CPU.ActiveCfg = Release|Any CPU
		{0CCD7825-3AD1-46AA-9913-F17075C2D60D}.Release|Any CPU.Build.0 = Release|Any CPU
		{0CCD7825-3AD1-46AA-9913-F17075C2D60D}.Release|x64.ActiveCfg = Release|Any CPU
		{0CCD7825-3AD1-46AA-9913-F17075C2D60D}.Release|x64.Build.0 = Release|Any CPU
		{0CCD7825-3AD1-46AA-9913-F17075C2D60D}.Release|x86.ActiveCfg = Release|Any CPU
		{0CCD7825-3AD1-46AA-9913-F17075C2D60D}.Release|x86.Build.0 = Release|Any CPU
		{4D794633-A80A-4E33-ABAE-C65FB586D39D}.Debug|Any CPU.ActiveCfg = Debug|Any CPU
		{4D794633-A80A-4E33-ABAE-C65FB586D39D}.Debug|Any CPU.Build.0 = Debug|Any CPU
		{4D794633-A80A-4E33-ABAE-C65FB586D39D}.Debug|x64.ActiveCfg = Debug|Any CPU
		{4D794633-A80A-4E33-ABAE-C65FB586D39D}.Debug|x64.Build.0 = Debug|Any CPU
		{4D794633-A80A-4E33-ABAE-C65FB586D39D}.Debug|x86.ActiveCfg = Debug|Any CPU
		{4D794633-A80A-4E33-ABAE-C65FB586D39D}.Debug|x86.Build.0 = Debug|Any CPU
		{4D794633-A80A-4E33-ABAE-C65FB586D39D}.Release|Any CPU.ActiveCfg = Release|Any CPU
		{4D794633-A80A-4E33-ABAE-C65FB586D39D}.Release|Any CPU.Build.0 = Release|Any CPU
		{4D794633-A80A-4E33-ABAE-C65FB586D39D}.Release|x64.ActiveCfg = Release|Any CPU
		{4D794633-A80A-4E33-ABAE-C65FB586D39D}.Release|x64.Build.0 = Release|Any CPU
		{4D794633-A80A-4E33-ABAE-C65FB586D39D}.Release|x86.ActiveCfg = Release|Any CPU
		{4D794633-A80A-4E33-ABAE-C65FB586D39D}.Release|x86.Build.0 = Release|Any CPU
	EndGlobalSection
	GlobalSection(SolutionProperties) = preSolution
		HideSolutionNode = FALSE
	EndGlobalSection
EndGlobal
